
Microsoft Visual Studio Solution File, Format Version 12.00
# Visual Studio Version 17
VisualStudioVersion = 17.2.32602.215
MinimumVisualStudioVersion = 10.0.40219.1
Project("{FAE04EC0-301F-11D3-BF4B-00C04F79EFBC}") = "Real-Estate-MVC", "Real-Estate-MVC\Real-Estate-MVC.csproj", "{48DD03E2-F59A-4000-BD45-A0B794614F37}"
EndProject
Global
	GlobalSection(SolutionConfigurationPlatforms) = preSolution
		Debug|Any CPU = Debug|Any CPU
		Release|Any CPU = Release|Any CPU
	EndGlobalSection
	GlobalSection(ProjectConfigurationPlatforms) = postSolution
		{48DD03E2-F59A-4000-BD45-A0B794614F37}.Debug|Any CPU.ActiveCfg = Debug|Any CPU
		{48DD03E2-F59A-4000-BD45-A0B794614F37}.Debug|Any CPU.Build.0 = Debug|Any CPU
		{48DD03E2-F59A-4000-BD45-A0B794614F37}.Release|Any CPU.ActiveCfg = Release|Any CPU
		{48DD03E2-F59A-4000-BD45-A0B794614F37}.Release|Any CPU.Build.0 = Release|Any CPU
	EndGlobalSection
	GlobalSection(SolutionProperties) = preSolution
		HideSolutionNode = FALSE
	EndGlobalSection
	GlobalSection(ExtensibilityGlobals) = postSolution
		SolutionGuid = {FB6F7B81-AECC-442A-AF1D-470D480FE116}
	EndGlobalSection
EndGlobal
